# THIS IS AN AUTOGENERATED FILE. DO NOT EDIT THIS FILE DIRECTLY.
# yarn lockfile v1


"@react-native-picker/picker@^2.4.10":
  version "2.4.10"
  resolved "https://registry.npmjs.org/@react-native-picker/picker/-/picker-2.4.10.tgz"
  integrity sha512-EvAlHmPEPOwvbP6Pjg/gtDV3XJzIjIxr10fXFNlX5r9HeHw582G1Zt2o8FLyB718nOttgj8HYUTGxvhu4N65sQ==

react-native-size-matters@^0.4.0:
  version "0.4.0"
  resolved "https://registry.yarnpkg.com/react-native-size-matters/-/react-native-size-matters-0.4.0.tgz#01bfd0d59454318f4e0b13fe9c1eb0523d70f2e0"
  integrity sha512-8/C0htHrFWeUm9N8JegmadovUfgTWkGBkDPZ1N3YkXtDWb+98Ya2gThiKcu445r8c7YhcrBfnHz/mYsXIusaOQ==

react-native-tab-view@^3.5.1:
  version "3.5.1"
  resolved "https://registry.npmjs.org/react-native-tab-view/-/react-native-tab-view-3.5.1.tgz"
  integrity sha512-qdrS5t+AEhfuKQyuCXkwHu4IVppkuTvzWWlkSZKrPaSkjjIa32xrsGxt1UW9YDdro2w4AMw5hKn1hFmg/5mvzA==
  dependencies:
    use-latest-callback "^0.1.5"

use-latest-callback@^0.1.5:
  version "0.1.5"
  resolved "https://registry.npmjs.org/use-latest-callback/-/use-latest-callback-0.1.5.tgz"
  integrity sha512-HtHatS2U4/h32NlkhupDsPlrbiD27gSH5swBdtXbCAlc6pfOFzaj0FehW/FO12rx8j2Vy4/lJScCiJyM01E+bQ==

yarn@^1.22.19:
  version "1.22.19"
  resolved "https://registry.npmjs.org/yarn/-/yarn-1.22.19.tgz"
  integrity sha512-/0V5q0WbslqnwP91tirOvldvYISzaqhClxzyUKXYxs07yUILIs5jx/k6CFe8bvKSkds5w+eiOqta39Wk3WxdcQ==
